github.com/go-sql-driver/mysql v1.4.1 h1:g24URVg0OFbNUTx9qqY1IRZ9D9z3iPyi5zKhQZpNwpA=
github.com/go-sql-driver/mysql v1.4.1/go.mod h1:zAC/RDZ24gD3HViQzih4MyKcchzm+sOG5ZlKdlhCg5w=
github.com/go-sql-driver/mysql v1.5.0 h1:ozyZYNQW3x3HtqT1jira07DN2PArx2v7/mN66gGcHOs=
github.com/go-sql-driver/mysql v1.5.0/go.mod h1:DCzpHaOWr8IXmIStZouvnhqoel9Qv2LBy8hT2VhHyBg=
github.com/lib/pq v1.3.0 h1:/qkRGz8zljWiDcFvgpwUpwIAPu3r07TDvs3Rws+o/pU=
github.com/lib/pq v1.3.0/go.mod h1:5WUZQaWbwv1U+lTReE5YruASi9Al49XbQIvNi/34Woo=
github.com/smartwalle/dbc v0.0.7 h1:I6IIkpf+6Vz/qVPIsDbKyZ3WA133UYh2ZiBgB5WNs9g=
github.com/smartwalle/dbc v0.0.7/go.mod h1:FsEIfjcUm3kf6iA38BaURPiChhMp5W6+8lJTI1krY0U=
github.com/smartwalle/dbs v1.0.0 h1:4UzPq/wfzDVZFpBKXO5yckGqOdhVX8RZ6qv8nUCpGC8=
github.com/smartwalle/dbs v1.0.0/go.mod h1:sTVYj2+GAmxGxTF88LR38dc57SA5Pr9/Uk2EPztLidA=
github.com/smartwalle/dbs v1.1.0/go.mod h1:xyi9/eSQUcRF55Se7y59izm/r1zpAUXYzJkrYEg0p8w=
github.com/smartwalle/dbs v1.1.4 h1:2UzDWAYQa5ext34n6tPZgFfMHmlLDwQHrql1+RYIro0=
github.com/smartwalle/dbs v1.1.4/go.mod h1:xyi9/eSQUcRF55Se7y59izm/r1zpAUXYzJkrYEg0p8w=
github.com/smartwalle/dbs v1.1.6 h1:9pZu78s2yX49iSh7K20ihxXWFAOENb1nqrQ/hNgJXeU=
github.com/smartwalle/dbs v1.1.6/go.mod h1:xyi9/eSQUcRF55Se7y59izm/r1zpAUXYzJkrYEg0p8w=
github.com/smartwalle/dbs v1.1.7 h1:vSnckcUgpblVYh1e58mUxawJ1O/pPrUqB2trI6wYFEU=
github.com/smartwalle/dbs v1.1.7/go.mod h1:fikIQHOpcKvdS2mzQPsA1wHVP0LXuVz8/0kxAlimQPU=
github.com/smartwalle/xid v1.0.1 h1:IOTJMvGUPus/kbTp749UB+JrvRFGE1kxLF6ez4eB4E4=
github.com/smartwalle/xid v1.0.1/go.mod h1:zUe+B9M8IClU9Jj0HoZATmaX14TkP2L7L3ogF+UlhWk=
github.com/smartwalle/xid v1.0.2 h1:53iaIWC10sz/7K63z61gdSAsJU3pyl0N/NyhuydWrc8=
github.com/smartwalle/xid v1.0.2/go.mod h1:zUe+B9M8IClU9Jj0HoZATmaX14TkP2L7L3ogF+UlhWk=
