github.com/go-sql-driver/mysql v1.4.1 h1:g24URVg0OFbNUTx9qqY1IRZ9D9z3iPyi5zKhQZpNwpA=
github.com/go-sql-driver/mysql v1.4.1/go.mod h1:zAC/RDZ24gD3HViQzih4MyKcchzm+sOG5ZlKdlhCg5w=
github.com/smartwalle/dbs v1.0.0 h1:4UzPq/wfzDVZFpBKXO5yckGqOdhVX8RZ6qv8nUCpGC8=
github.com/smartwalle/dbs v1.0.0/go.mod h1:sTVYj2+GAmxGxTF88LR38dc57SA5Pr9/Uk2EPztLidA=
github.com/smartwalle/nest v1.0.0 h1:bHDlPuhvpF9C/QENnJGTQP+or9lhctk5d+uC/jP3fHQ=
github.com/smartwalle/nest v1.0.0/go.mod h1:uOD1/zWmn4a4aF9ONy2fVg3XFsX+qT4hFU39KpaUW2I=
